{
  "meteor": {},
  "dependencies": {
    "basePackages": {
      "connection-banner": {
        "path": ".."
      },
      "font-awesome": {},
      "bootstrap-3": {}
    },
    "packages": {
      "connection-banner": {
        "path": ".."
      },
      "font-awesome": {
        "git": "https://github.com/nate-strauser/meteor-font-awesome.git",
        "tag": "v4.0.3",
        "commit": "61e9361384347547ae144f8228faa4deffda23db"
      },
      "bootstrap-3": {
        "git": "https://github.com/mangasocial/meteor-bootstrap-3.git",
        "tag": "v3.1.0-1",
        "commit": "329dccb08bfc18c635676dea600ac9953162cda9"
      }
    }
  }
}
